
Microsoft Visual Studio Solution File, Format Version 12.00
# Visual Studio Version 17
VisualStudioVersion = 17.10.35004.147
MinimumVisualStudioVersion = 10.0.40219.1
Project("{9A19103F-16F7-4668-BE54-9A1E7A4F7556}") = "WpfDesktopApp", "Source\App\WpfDesktopApp\WpfDesktopApp.csproj", "{2A57B11B-5E7A-4992-9BD1-A05B079922FA}"
EndProject
Project("{9A19103F-16F7-4668-BE54-9A1E7A4F7556}") = "Abstractions", "Source\App\Abstractions\Abstractions.csproj", "{EC7A8654-AF59-4E8A-9AE5-0FACCD16B3E4}"
EndProject
Project("{2150E333-8FDC-42A3-9474-1A3956D46DE8}") = "QueueProviders", "QueueProviders", "{9D61BEF0-2863-4BEA-B1DB-348DEB1B4681}"
EndProject
Project("{9A19103F-16F7-4668-BE54-9A1E7A4F7556}") = "PulsarProvider", "Source\Providers\PulsarProvider\PulsarProvider.csproj", "{C6A1446C-FE29-4C62-8B6F-E61BFC0B6197}"
EndProject
Project("{9A19103F-16F7-4668-BE54-9A1E7A4F7556}") = "_build", "build\_build.csproj", "{6554A9F6-AFE8-439D-8C1B-E362B91F8CF8}"
EndProject
Project("{2150E333-8FDC-42A3-9474-1A3956D46DE8}") = ".sln", ".sln", "{30F9BE9D-16BF-48F3-88D3-FEDE638DDABD}"
	ProjectSection(SolutionItems) = preProject
		install.bat = install.bat
		install.ps1 = install.ps1
		README.md = README.md
	EndProjectSection
EndProject
Global
	GlobalSection(SolutionConfigurationPlatforms) = preSolution
		Debug|Any CPU = Debug|Any CPU
		Release|Any CPU = Release|Any CPU
	EndGlobalSection
	GlobalSection(ProjectConfigurationPlatforms) = postSolution
		{2A57B11B-5E7A-4992-9BD1-A05B079922FA}.Debug|Any CPU.ActiveCfg = Debug|Any CPU
		{2A57B11B-5E7A-4992-9BD1-A05B079922FA}.Debug|Any CPU.Build.0 = Debug|Any CPU
		{2A57B11B-5E7A-4992-9BD1-A05B079922FA}.Release|Any CPU.ActiveCfg = Release|Any CPU
		{2A57B11B-5E7A-4992-9BD1-A05B079922FA}.Release|Any CPU.Build.0 = Release|Any CPU
		{EC7A8654-AF59-4E8A-9AE5-0FACCD16B3E4}.Debug|Any CPU.ActiveCfg = Debug|Any CPU
		{EC7A8654-AF59-4E8A-9AE5-0FACCD16B3E4}.Debug|Any CPU.Build.0 = Debug|Any CPU
		{EC7A8654-AF59-4E8A-9AE5-0FACCD16B3E4}.Release|Any CPU.ActiveCfg = Release|Any CPU
		{EC7A8654-AF59-4E8A-9AE5-0FACCD16B3E4}.Release|Any CPU.Build.0 = Release|Any CPU
		{C6A1446C-FE29-4C62-8B6F-E61BFC0B6197}.Debug|Any CPU.ActiveCfg = Debug|Any CPU
		{C6A1446C-FE29-4C62-8B6F-E61BFC0B6197}.Debug|Any CPU.Build.0 = Debug|Any CPU
		{C6A1446C-FE29-4C62-8B6F-E61BFC0B6197}.Release|Any CPU.ActiveCfg = Release|Any CPU
		{C6A1446C-FE29-4C62-8B6F-E61BFC0B6197}.Release|Any CPU.Build.0 = Release|Any CPU
		{6554A9F6-AFE8-439D-8C1B-E362B91F8CF8}.Debug|Any CPU.ActiveCfg = Debug|Any CPU
		{6554A9F6-AFE8-439D-8C1B-E362B91F8CF8}.Release|Any CPU.ActiveCfg = Release|Any CPU
	EndGlobalSection
	GlobalSection(SolutionProperties) = preSolution
		HideSolutionNode = FALSE
	EndGlobalSection
	GlobalSection(NestedProjects) = preSolution
		{C6A1446C-FE29-4C62-8B6F-E61BFC0B6197} = {9D61BEF0-2863-4BEA-B1DB-348DEB1B4681}
		{6554A9F6-AFE8-439D-8C1B-E362B91F8CF8} = {30F9BE9D-16BF-48F3-88D3-FEDE638DDABD}
	EndGlobalSection
	GlobalSection(ExtensibilityGlobals) = postSolution
		SolutionGuid = {6BE8A64B-6ECF-4A90-8F3D-835B1B9D3153}
	EndGlobalSection
EndGlobal
